
Microsoft Visual Studio Solution File, Format Version 12.00
# Visual Studio Version 17
VisualStudioVersion = 17.4.33103.184
MinimumVisualStudioVersion = 10.0.40219.1
Project("{FAE04EC0-301F-11D3-BF4B-00C04F79EFBC}") = "Kryptering", "Kryptering\Kryptering.csproj", "{1DEB341E-0430-44A2-9A0D-CCB1F3869823}"
EndProject
Project("{FAE04EC0-301F-11D3-BF4B-00C04F79EFBC}") = "Server", "Server\Server.csproj", "{93DFE344-86FE-44B2-9DCC-E5045CA1E14E}"
EndProject
Project("{FAE04EC0-301F-11D3-BF4B-00C04F79EFBC}") = "SymetriskKryptering", "SymetriskKryptering\SymetriskKryptering.csproj", "{D2DAE016-7D4E-4235-A2C6-ACBDEFF95E20}"
EndProject
Global
	GlobalSection(SolutionConfigurationPlatforms) = preSolution
		Debug|Any CPU = Debug|Any CPU
		Release|Any CPU = Release|Any CPU
	EndGlobalSection
	GlobalSection(ProjectConfigurationPlatforms) = postSolution
		{1DEB341E-0430-44A2-9A0D-CCB1F3869823}.Debug|Any CPU.ActiveCfg = Debug|Any CPU
		{1DEB341E-0430-44A2-9A0D-CCB1F3869823}.Debug|Any CPU.Build.0 = Debug|Any CPU
		{1DEB341E-0430-44A2-9A0D-CCB1F3869823}.Release|Any CPU.ActiveCfg = Release|Any CPU
		{1DEB341E-0430-44A2-9A0D-CCB1F3869823}.Release|Any CPU.Build.0 = Release|Any CPU
		{93DFE344-86FE-44B2-9DCC-E5045CA1E14E}.Debug|Any CPU.ActiveCfg = Debug|Any CPU
		{93DFE344-86FE-44B2-9DCC-E5045CA1E14E}.Debug|Any CPU.Build.0 = Debug|Any CPU
		{93DFE344-86FE-44B2-9DCC-E5045CA1E14E}.Release|Any CPU.ActiveCfg = Release|Any CPU
		{93DFE344-86FE-44B2-9DCC-E5045CA1E14E}.Release|Any CPU.Build.0 = Release|Any CPU
		{D2DAE016-7D4E-4235-A2C6-ACBDEFF95E20}.Debug|Any CPU.ActiveCfg = Debug|Any CPU
		{D2DAE016-7D4E-4235-A2C6-ACBDEFF95E20}.Debug|Any CPU.Build.0 = Debug|Any CPU
		{D2DAE016-7D4E-4235-A2C6-ACBDEFF95E20}.Release|Any CPU.ActiveCfg = Release|Any CPU
		{D2DAE016-7D4E-4235-A2C6-ACBDEFF95E20}.Release|Any CPU.Build.0 = Release|Any CPU
	EndGlobalSection
	GlobalSection(SolutionProperties) = preSolution
		HideSolutionNode = FALSE
	EndGlobalSection
	GlobalSection(ExtensibilityGlobals) = postSolution
		SolutionGuid = {94E0539A-DDD4-4810-8D4C-5232D1242787}
	EndGlobalSection
EndGlobal
